
Microsoft Visual Studio Solution File, Format Version 12.00
# Visual Studio Version 17
VisualStudioVersion = 17.2.32630.192
MinimumVisualStudioVersion = 10.0.40219.1
Project("{FAE04EC0-301F-11D3-BF4B-00C04F79EFBC}") = "MatchGame", "MatchGame\MatchGame.csproj", "{665255AF-67A1-4407-AB17-C1E7DFB55597}"
EndProject
Global
	GlobalSection(SolutionConfigurationPlatforms) = preSolution
		Debug|Any CPU = Debug|Any CPU
		Release|Any CPU = Release|Any CPU
	EndGlobalSection
	GlobalSection(ProjectConfigurationPlatforms) = postSolution
		{665255AF-67A1-4407-AB17-C1E7DFB55597}.Debug|Any CPU.ActiveCfg = Debug|Any CPU
		{665255AF-67A1-4407-AB17-C1E7DFB55597}.Debug|Any CPU.Build.0 = Debug|Any CPU
		{665255AF-67A1-4407-AB17-C1E7DFB55597}.Release|Any CPU.ActiveCfg = Release|Any CPU
		{665255AF-67A1-4407-AB17-C1E7DFB55597}.Release|Any CPU.Build.0 = Release|Any CPU
	EndGlobalSection
	GlobalSection(SolutionProperties) = preSolution
		HideSolutionNode = FALSE
	EndGlobalSection
	GlobalSection(ExtensibilityGlobals) = postSolution
		SolutionGuid = {8D5A5868-19E2-4984-A6E1-E4E8DF7BF662}
	EndGlobalSection
EndGlobal
